
Microsoft Visual Studio Solution File, Format Version 12.00
# Visual Studio Version 17
VisualStudioVersion = 17.14.36518.9 d17.14
MinimumVisualStudioVersion = 10.0.40219.1
Project("{FAE04EC0-301F-11D3-BF4B-00C04F79EFBC}") = "Training_Sessions", "Training_Sessions\Training_Sessions.csproj", "{EA7CC516-0B0D-47E5-9A42-AFB124F87029}"
EndProject
Global
	GlobalSection(SolutionConfigurationPlatforms) = preSolution
		Debug|Any CPU = Debug|Any CPU
		Release|Any CPU = Release|Any CPU
	EndGlobalSection
	GlobalSection(ProjectConfigurationPlatforms) = postSolution
		{EA7CC516-0B0D-47E5-9A42-AFB124F87029}.Debug|Any CPU.ActiveCfg = Debug|Any CPU
		{EA7CC516-0B0D-47E5-9A42-AFB124F87029}.Debug|Any CPU.Build.0 = Debug|Any CPU
		{EA7CC516-0B0D-47E5-9A42-AFB124F87029}.Release|Any CPU.ActiveCfg = Release|Any CPU
		{EA7CC516-0B0D-47E5-9A42-AFB124F87029}.Release|Any CPU.Build.0 = Release|Any CPU
	EndGlobalSection
	GlobalSection(SolutionProperties) = preSolution
		HideSolutionNode = FALSE
	EndGlobalSection
	GlobalSection(ExtensibilityGlobals) = postSolution
		SolutionGuid = {84B84D90-D738-481C-981F-EF6D88DC5C82}
	EndGlobalSection
EndGlobal
